PODS:
  - AHFuture (0.1.1):
    - ALEither
  - ALEither (0.1.1)

DEPENDENCIES:
  - AHFuture (from `../`)

EXTERNAL SOURCES:
  AHFuture:
    :path: ../

SPEC CHECKSUMS:
  AHFuture: 9fa89df5bf994397cb825bcc058b544aed4de05f
  ALEither: 6dfa299bc72a2fe54ceba5fdb09eb4735f92caeb

PODFILE CHECKSUM: b3b19d876248929a118dfb284db0276384845bb7

COCOAPODS: 1.2.0
