PODS:
  - AHFuture (0.1.8):
    - ALEither
  - ALEither (0.1.8)

DEPENDENCIES:
  - AHFuture (from `../`)

SPEC REPOS:
  https://github.com/cocoapods/specs.git:
    - ALEither

EXTERNAL SOURCES:
  AHFuture:
    :path: "../"

SPEC CHECKSUMS:
  AHFuture: f105737f843dd75ecf5b9e5349bebf2ec89c75f0
  ALEither: 57cfaba77b3a2c2e15741b16213b515d9bc839a6

PODFILE CHECKSUM: 47a17ba04992aa3f36e207a934bf765e41e8b853

COCOAPODS: 1.6.1
