PODS:
  - AHFuture (0.1.2):
    - ALEither
  - ALEither (0.1.4)

DEPENDENCIES:
  - AHFuture (from `../`)

EXTERNAL SOURCES:
  AHFuture:
    :path: ../

SPEC CHECKSUMS:
  AHFuture: 746afe59a5f5494c7833cdc25cfdda9a210e907f
  ALEither: 790e8f1dda897bfcb56e547e5db86c4eb25da87b

PODFILE CHECKSUM: b3b19d876248929a118dfb284db0276384845bb7

COCOAPODS: 1.2.0
